
Microsoft Visual Studio Solution File, Format Version 12.00
# Visual Studio Version 16
VisualStudioVersion = 16.0.30309.148
MinimumVisualStudioVersion = 10.0.40219.1
Project("{FAE04EC0-301F-11D3-BF4B-00C04F79EFBC}") = "NewFarm", "NewFarm\NewFarm.csproj", "{0AC1F2CE-C9C8-4666-B4AA-BCA3E47E2AAF}"
EndProject
Global
	GlobalSection(SolutionConfigurationPlatforms) = preSolution
		Debug|Any CPU = Debug|Any CPU
		Release|Any CPU = Release|Any CPU
	EndGlobalSection
	GlobalSection(ProjectConfigurationPlatforms) = postSolution
		{0AC1F2CE-C9C8-4666-B4AA-BCA3E47E2AAF}.Debug|Any CPU.ActiveCfg = Debug|Any CPU
		{0AC1F2CE-C9C8-4666-B4AA-BCA3E47E2AAF}.Debug|Any CPU.Build.0 = Debug|Any CPU
		{0AC1F2CE-C9C8-4666-B4AA-BCA3E47E2AAF}.Release|Any CPU.ActiveCfg = Release|Any CPU
		{0AC1F2CE-C9C8-4666-B4AA-BCA3E47E2AAF}.Release|Any CPU.Build.0 = Release|Any CPU
	EndGlobalSection
	GlobalSection(SolutionProperties) = preSolution
		HideSolutionNode = FALSE
	EndGlobalSection
	GlobalSection(ExtensibilityGlobals) = postSolution
		SolutionGuid = {E2B01423-84CD-4039-B613-FFDCA52E26A5}
	EndGlobalSection
EndGlobal
